
Microsoft Visual Studio Solution File, Format Version 12.00
# Visual Studio Version 17
VisualStudioVersion = 17.10.34928.147
MinimumVisualStudioVersion = 10.0.40219.1
Project("{FAE04EC0-301F-11D3-BF4B-00C04F79EFBC}") = "Profile Weight Calculation", "Profile Weight Calculation\Profile Weight Calculation.csproj", "{B329BE90-1E93-43BD-8544-DE536100872F}"
EndProject
Global
	GlobalSection(SolutionConfigurationPlatforms) = preSolution
		Debug|Any CPU = Debug|Any CPU
		Release|Any CPU = Release|Any CPU
	EndGlobalSection
	GlobalSection(ProjectConfigurationPlatforms) = postSolution
		{B329BE90-1E93-43BD-8544-DE536100872F}.Debug|Any CPU.ActiveCfg = Debug|Any CPU
		{B329BE90-1E93-43BD-8544-DE536100872F}.Debug|Any CPU.Build.0 = Debug|Any CPU
		{B329BE90-1E93-43BD-8544-DE536100872F}.Release|Any CPU.ActiveCfg = Release|Any CPU
		{B329BE90-1E93-43BD-8544-DE536100872F}.Release|Any CPU.Build.0 = Release|Any CPU
	EndGlobalSection
	GlobalSection(SolutionProperties) = preSolution
		HideSolutionNode = FALSE
	EndGlobalSection
	GlobalSection(ExtensibilityGlobals) = postSolution
		SolutionGuid = {AC625028-B9B3-492B-BB68-4FA002E0D45F}
	EndGlobalSection
EndGlobal
